{
  "object": {
    "pins": [
      {
        "package": "CombineCoreBluetooth",
        "repositoryURL": "https://github.com/StarryInternet/CombineCoreBluetooth.git",
        "state": {
          "branch": null,
          "revision": "05df53532ba6eee30df83a20dd22c447bc223f8a",
          "version": "0.4.0"
        }
      },
      {
        "package": "Mocker",
        "repositoryURL": "https://github.com/WeTransfer/Mocker.git",
        "state": {
          "branch": null,
          "revision": "5d86f27a8f80d4ba388bc1a379a3c2289a1f3d18",
          "version": "2.6.0"
        }
      }
    ]
  },
  "version": 1
}
