// !$*UTF8*$!
{
	archiveVersion = 1;
	classes = {
	};
	objectVersion = 55;
	objects = {

/* Begin PBXBuildFile section */
		E800316C28A5297400BFF99E /* VitalCore in Frameworks */ = {isa = PBXBuildFile; productRef = E800316B28A5297400BFF99E /* VitalCore */; };
		E800316E28A5297400BFF99E /* VitalDevices in Frameworks */ = {isa = PBXBuildFile; productRef = E800316D28A5297400BFF99E /* VitalDevices */; };
		E800317028A5297400BFF99E /* VitalHealthKit in Frameworks */ = {isa = PBXBuildFile; productRef = E800316F28A5297400BFF99E /* VitalHealthKit */; };
		E83CAEED27F79BCF001EDB12 /* DevicesExample.swift in Sources */ = {isa = PBXBuildFile; fileRef = E83CAEEC27F79BCF001EDB12 /* DevicesExample.swift */; };
		E84BB6602816C2280075327D /* LinkCreation.swift in Sources */ = {isa = PBXBuildFile; fileRef = E84BB65F2816C2280075327D /* LinkCreation.swift */; };
		E85A25AC27D6AAFA00B2212C /* Root.swift in Sources */ = {isa = PBXBuildFile; fileRef = E85A258427D6AAF900B2212C /* Root.swift */; };
		E85A25AE27D6AAFA00B2212C /* HealthKitExample.swift in Sources */ = {isa = PBXBuildFile; fileRef = E85A258527D6AAF900B2212C /* HealthKitExample.swift */; };
		E85A25B027D6AAFA00B2212C /* Assets.xcassets in Resources */ = {isa = PBXBuildFile; fileRef = E85A258627D6AAFA00B2212C /* Assets.xcassets */; };
		E891318D280458540049608B /* DateFormatter.swift in Sources */ = {isa = PBXBuildFile; fileRef = E891318C280458540049608B /* DateFormatter.swift */; };
		E8913192280464DC0049608B /* Settings.swift in Sources */ = {isa = PBXBuildFile; fileRef = E8913191280464DC0049608B /* Settings.swift */; };
		E892239427D79B8700733C13 /* Styles.swift in Sources */ = {isa = PBXBuildFile; fileRef = E892239327D79B8700733C13 /* Styles.swift */; };
		E892239727D7A29F00733C13 /* HealthKit.framework in Frameworks */ = {isa = PBXBuildFile; fileRef = E892239627D7A29F00733C13 /* HealthKit.framework */; };
		E8A286E127FC7BB400F1F1B1 /* ComposableArchitecture in Frameworks */ = {isa = PBXBuildFile; productRef = E8A286E027FC7BB400F1F1B1 /* ComposableArchitecture */; };
		E8A286E827FC8CDE00F1F1B1 /* Devices+Support.swift in Sources */ = {isa = PBXBuildFile; fileRef = E8A286E727FC8CDE00F1F1B1 /* Devices+Support.swift */; };
		E8A286EB27FC92DF00F1F1B1 /* NukeUI in Frameworks */ = {isa = PBXBuildFile; productRef = E8A286EA27FC92DF00F1F1B1 /* NukeUI */; };
		E8A286ED27FC992900F1F1B1 /* DeviceConnection.swift in Sources */ = {isa = PBXBuildFile; fileRef = E8A286EC27FC992900F1F1B1 /* DeviceConnection.swift */; };
		E8A286F027FD85E300F1F1B1 /* Reducer.swift in Sources */ = {isa = PBXBuildFile; fileRef = E8A286EF27FD85E300F1F1B1 /* Reducer.swift */; };
		E8A286F227FDA44600F1F1B1 /* Identifiable.swift in Sources */ = {isa = PBXBuildFile; fileRef = E8A286F127FDA44600F1F1B1 /* Identifiable.swift */; };
		E8A286F427FDA47600F1F1B1 /* BloodPressureDataPoint+Identifiable.swift in Sources */ = {isa = PBXBuildFile; fileRef = E8A286F327FDA47600F1F1B1 /* BloodPressureDataPoint+Identifiable.swift */; };
		E8D530C52819C8D100E74B83 /* BetterSafariView in Frameworks */ = {isa = PBXBuildFile; productRef = E8D530C42819C8D100E74B83 /* BetterSafariView */; };
		E8D7A95D283292E90039943E /* Libre1Connection.swift in Sources */ = {isa = PBXBuildFile; fileRef = E8D7A95C283292E90039943E /* Libre1Connection.swift */; };
/* End PBXBuildFile section */

/* Begin PBXContainerItemProxy section */
		E85A259927D6AAFA00B2212C /* PBXContainerItemProxy */ = {
			isa = PBXContainerItemProxy;
			containerPortal = E85A257F27D6AAF900B2212C /* Project object */;
			proxyType = 1;
			remoteGlobalIDString = E85A258A27D6AAFA00B2212C;
			remoteInfo = "Example (iOS)";
		};
/* End PBXContainerItemProxy section */

/* Begin PBXFileReference section */
		E83CAEEC27F79BCF001EDB12 /* DevicesExample.swift */ = {isa = PBXFileReference; lastKnownFileType = sourcecode.swift; path = DevicesExample.swift; sourceTree = "<group>"; };
		E84BB65F2816C2280075327D /* LinkCreation.swift */ = {isa = PBXFileReference; lastKnownFileType = sourcecode.swift; path = LinkCreation.swift; sourceTree = "<group>"; };
		E85A258427D6AAF900B2212C /* Root.swift */ = {isa = PBXFileReference; lastKnownFileType = sourcecode.swift; path = Root.swift; sourceTree = "<group>"; };
		E85A258527D6AAF900B2212C /* HealthKitExample.swift */ = {isa = PBXFileReference; lastKnownFileType = sourcecode.swift; path = HealthKitExample.swift; sourceTree = "<group>"; };
		E85A258627D6AAFA00B2212C /* Assets.xcassets */ = {isa = PBXFileReference; lastKnownFileType = folder.assetcatalog; path = Assets.xcassets; sourceTree = "<group>"; };
		E85A258B27D6AAFA00B2212C /* Example.app */ = {isa = PBXFileReference; explicitFileType = wrapper.application; includeInIndex = 0; path = Example.app; sourceTree = BUILT_PRODUCTS_DIR; };
		E85A259827D6AAFA00B2212C /* Tests iOS.xctest */ = {isa = PBXFileReference; explicitFileType = wrapper.cfbundle; includeInIndex = 0; path = "Tests iOS.xctest"; sourceTree = BUILT_PRODUCTS_DIR; };
		E891318C280458540049608B /* DateFormatter.swift */ = {isa = PBXFileReference; lastKnownFileType = sourcecode.swift; path = DateFormatter.swift; sourceTree = "<group>"; };
		E8913191280464DC0049608B /* Settings.swift */ = {isa = PBXFileReference; lastKnownFileType = sourcecode.swift; path = Settings.swift; sourceTree = "<group>"; };
		E892239327D79B8700733C13 /* Styles.swift */ = {isa = PBXFileReference; lastKnownFileType = sourcecode.swift; path = Styles.swift; sourceTree = "<group>"; };
		E892239527D7A29F00733C13 /* Example.entitlements */ = {isa = PBXFileReference; lastKnownFileType = text.plist.entitlements; path = Example.entitlements; sourceTree = "<group>"; };
		E892239627D7A29F00733C13 /* HealthKit.framework */ = {isa = PBXFileReference; lastKnownFileType = wrapper.framework; name = HealthKit.framework; path = Platforms/iPhoneOS.platform/Developer/SDKs/iPhoneOS15.2.sdk/System/Library/Frameworks/HealthKit.framework; sourceTree = DEVELOPER_DIR; };
		E892239827D8F2A500733C13 /* Info.plist */ = {isa = PBXFileReference; lastKnownFileType = text.plist.xml; path = Info.plist; sourceTree = "<group>"; };
		E8A286E727FC8CDE00F1F1B1 /* Devices+Support.swift */ = {isa = PBXFileReference; lastKnownFileType = sourcecode.swift; path = "Devices+Support.swift"; sourceTree = "<group>"; };
		E8A286EC27FC992900F1F1B1 /* DeviceConnection.swift */ = {isa = PBXFileReference; lastKnownFileType = sourcecode.swift; path = DeviceConnection.swift; sourceTree = "<group>"; };
		E8A286EF27FD85E300F1F1B1 /* Reducer.swift */ = {isa = PBXFileReference; lastKnownFileType = sourcecode.swift; path = Reducer.swift; sourceTree = "<group>"; };
		E8A286F127FDA44600F1F1B1 /* Identifiable.swift */ = {isa = PBXFileReference; lastKnownFileType = sourcecode.swift; path = Identifiable.swift; sourceTree = "<group>"; };
		E8A286F327FDA47600F1F1B1 /* BloodPressureDataPoint+Identifiable.swift */ = {isa = PBXFileReference; lastKnownFileType = sourcecode.swift; path = "BloodPressureDataPoint+Identifiable.swift"; sourceTree = "<group>"; };
		E8D7A95C283292E90039943E /* Libre1Connection.swift */ = {isa = PBXFileReference; lastKnownFileType = sourcecode.swift; path = Libre1Connection.swift; sourceTree = "<group>"; };
/* End PBXFileReference section */

/* Begin PBXFrameworksBuildPhase section */
		E85A258827D6AAFA00B2212C /* Frameworks */ = {
			isa = PBXFrameworksBuildPhase;
			buildActionMask = 2147483647;
			files = (
				E8A286EB27FC92DF00F1F1B1 /* NukeUI in Frameworks */,
				E800316C28A5297400BFF99E /* VitalCore in Frameworks */,
				E800317028A5297400BFF99E /* VitalHealthKit in Frameworks */,
				E8D530C52819C8D100E74B83 /* BetterSafariView in Frameworks */,
				E892239727D7A29F00733C13 /* HealthKit.framework in Frameworks */,
				E8A286E127FC7BB400F1F1B1 /* ComposableArchitecture in Frameworks */,
				E800316E28A5297400BFF99E /* VitalDevices in Frameworks */,
			);
			runOnlyForDeploymentPostprocessing = 0;
		};
		E85A259527D6AAFA00B2212C /* Frameworks */ = {
			isa = PBXFrameworksBuildPhase;
			buildActionMask = 2147483647;
			files = (
			);
			runOnlyForDeploymentPostprocessing = 0;
		};
/* End PBXFrameworksBuildPhase section */

/* Begin PBXGroup section */
		E84BB65E2816C2170075327D /* Link Creation */ = {
			isa = PBXGroup;
			children = (
				E84BB65F2816C2280075327D /* LinkCreation.swift */,
			);
			path = "Link Creation";
			sourceTree = "<group>";
		};
		E85A257E27D6AAF900B2212C = {
			isa = PBXGroup;
			children = (
				E892239827D8F2A500733C13 /* Info.plist */,
				E892239527D7A29F00733C13 /* Example.entitlements */,
				E85A258327D6AAF900B2212C /* iOS */,
				E85A258C27D6AAFA00B2212C /* Products */,
				E85A25C227D6ACE200B2212C /* Frameworks */,
			);
			sourceTree = "<group>";
		};
		E85A258327D6AAF900B2212C /* iOS */ = {
			isa = PBXGroup;
			children = (
				E85A258427D6AAF900B2212C /* Root.swift */,
				E84BB65E2816C2170075327D /* Link Creation */,
				E89131902804649E0049608B /* Settings */,
				E8A286E327FC7BF400F1F1B1 /* HealthKit Tab */,
				E8A286E227FC7BD900F1F1B1 /* Devices Tab */,
				E892239227D79B7A00733C13 /* UI */,
				E85A258627D6AAFA00B2212C /* Assets.xcassets */,
			);
			path = iOS;
			sourceTree = "<group>";
		};
		E85A258C27D6AAFA00B2212C /* Products */ = {
			isa = PBXGroup;
			children = (
				E85A258B27D6AAFA00B2212C /* Example.app */,
				E85A259827D6AAFA00B2212C /* Tests iOS.xctest */,
			);
			name = Products;
			sourceTree = "<group>";
		};
		E85A25C227D6ACE200B2212C /* Frameworks */ = {
			isa = PBXGroup;
			children = (
				E892239627D7A29F00733C13 /* HealthKit.framework */,
			);
			name = Frameworks;
			sourceTree = "<group>";
		};
		E89131902804649E0049608B /* Settings */ = {
			isa = PBXGroup;
			children = (
				E8913191280464DC0049608B /* Settings.swift */,
			);
			path = Settings;
			sourceTree = "<group>";
		};
		E892239227D79B7A00733C13 /* UI */ = {
			isa = PBXGroup;
			children = (
				E892239327D79B8700733C13 /* Styles.swift */,
			);
			path = UI;
			sourceTree = "<group>";
		};
		E8A286E227FC7BD900F1F1B1 /* Devices Tab */ = {
			isa = PBXGroup;
			children = (
				E8A286EE27FD85D800F1F1B1 /* Extensions */,
				E8A286E627FC8CC800F1F1B1 /* Models */,
				E83CAEEC27F79BCF001EDB12 /* DevicesExample.swift */,
				E8A286EC27FC992900F1F1B1 /* DeviceConnection.swift */,
				E8D7A95C283292E90039943E /* Libre1Connection.swift */,
			);
			path = "Devices Tab";
			sourceTree = "<group>";
		};
		E8A286E327FC7BF400F1F1B1 /* HealthKit Tab */ = {
			isa = PBXGroup;
			children = (
				E85A258527D6AAF900B2212C /* HealthKitExample.swift */,
			);
			path = "HealthKit Tab";
			sourceTree = "<group>";
		};
		E8A286E627FC8CC800F1F1B1 /* Models */ = {
			isa = PBXGroup;
			children = (
				E8A286E727FC8CDE00F1F1B1 /* Devices+Support.swift */,
			);
			path = Models;
			sourceTree = "<group>";
		};
		E8A286EE27FD85D800F1F1B1 /* Extensions */ = {
			isa = PBXGroup;
			children = (
				E8A286EF27FD85E300F1F1B1 /* Reducer.swift */,
				E8A286F127FDA44600F1F1B1 /* Identifiable.swift */,
				E8A286F327FDA47600F1F1B1 /* BloodPressureDataPoint+Identifiable.swift */,
				E891318C280458540049608B /* DateFormatter.swift */,
			);
			path = Extensions;
			sourceTree = "<group>";
		};
/* End PBXGroup section */

/* Begin PBXNativeTarget section */
		E85A258A27D6AAFA00B2212C /* Example (iOS) */ = {
			isa = PBXNativeTarget;
			buildConfigurationList = E85A25B427D6AAFA00B2212C /* Build configuration list for PBXNativeTarget "Example (iOS)" */;
			buildPhases = (
				E85A258727D6AAFA00B2212C /* Sources */,
				E85A258827D6AAFA00B2212C /* Frameworks */,
				E85A258927D6AAFA00B2212C /* Resources */,
			);
			buildRules = (
			);
			dependencies = (
			);
			name = "Example (iOS)";
			packageProductDependencies = (
				E8A286E027FC7BB400F1F1B1 /* ComposableArchitecture */,
				E8A286EA27FC92DF00F1F1B1 /* NukeUI */,
				E8D530C42819C8D100E74B83 /* BetterSafariView */,
				E800316B28A5297400BFF99E /* VitalCore */,
				E800316D28A5297400BFF99E /* VitalDevices */,
				E800316F28A5297400BFF99E /* VitalHealthKit */,
			);
			productName = "Example (iOS)";
			productReference = E85A258B27D6AAFA00B2212C /* Example.app */;
			productType = "com.apple.product-type.application";
		};
		E85A259727D6AAFA00B2212C /* Tests iOS */ = {
			isa = PBXNativeTarget;
			buildConfigurationList = E85A25BA27D6AAFA00B2212C /* Build configuration list for PBXNativeTarget "Tests iOS" */;
			buildPhases = (
				E85A259427D6AAFA00B2212C /* Sources */,
				E85A259527D6AAFA00B2212C /* Frameworks */,
				E85A259627D6AAFA00B2212C /* Resources */,
			);
			buildRules = (
			);
			dependencies = (
				E85A259A27D6AAFA00B2212C /* PBXTargetDependency */,
			);
			name = "Tests iOS";
			productName = "Tests iOS";
			productReference = E85A259827D6AAFA00B2212C /* Tests iOS.xctest */;
			productType = "com.apple.product-type.bundle.ui-testing";
		};
/* End PBXNativeTarget section */

/* Begin PBXProject section */
		E85A257F27D6AAF900B2212C /* Project object */ = {
			isa = PBXProject;
			attributes = {
				BuildIndependentTargetsInParallel = 1;
				LastSwiftUpdateCheck = 1320;
				LastUpgradeCheck = 1320;
				TargetAttributes = {
					E85A258A27D6AAFA00B2212C = {
						CreatedOnToolsVersion = 13.2.1;
					};
					E85A259727D6AAFA00B2212C = {
						CreatedOnToolsVersion = 13.2.1;
						TestTargetID = E85A258A27D6AAFA00B2212C;
					};
				};
			};
			buildConfigurationList = E85A258227D6AAF900B2212C /* Build configuration list for PBXProject "Example" */;
			compatibilityVersion = "Xcode 13.0";
			developmentRegion = en;
			hasScannedForEncodings = 0;
			knownRegions = (
				en,
				Base,
			);
			mainGroup = E85A257E27D6AAF900B2212C;
			packageReferences = (
				E8A286DF27FC7BB400F1F1B1 /* XCRemoteSwiftPackageReference "swift-composable-architecture" */,
				E8A286E927FC92DE00F1F1B1 /* XCRemoteSwiftPackageReference "NukeUI" */,
				E8D530C32819C8D100E74B83 /* XCRemoteSwiftPackageReference "BetterSafariView" */,
				E800316A28A5297400BFF99E /* XCRemoteSwiftPackageReference "vital-ios" */,
			);
			productRefGroup = E85A258C27D6AAFA00B2212C /* Products */;
			projectDirPath = "";
			projectRoot = "";
			targets = (
				E85A258A27D6AAFA00B2212C /* Example (iOS) */,
				E85A259727D6AAFA00B2212C /* Tests iOS */,
			);
		};
/* End PBXProject section */

/* Begin PBXResourcesBuildPhase section */
		E85A258927D6AAFA00B2212C /* Resources */ = {
			isa = PBXResourcesBuildPhase;
			buildActionMask = 2147483647;
			files = (
				E85A25B027D6AAFA00B2212C /* Assets.xcassets in Resources */,
			);
			runOnlyForDeploymentPostprocessing = 0;
		};
		E85A259627D6AAFA00B2212C /* Resources */ = {
			isa = PBXResourcesBuildPhase;
			buildActionMask = 2147483647;
			files = (
			);
			runOnlyForDeploymentPostprocessing = 0;
		};
/* End PBXResourcesBuildPhase section */

/* Begin PBXSourcesBuildPhase section */
		E85A258727D6AAFA00B2212C /* Sources */ = {
			isa = PBXSourcesBuildPhase;
			buildActionMask = 2147483647;
			files = (
				E891318D280458540049608B /* DateFormatter.swift in Sources */,
				E8A286F427FDA47600F1F1B1 /* BloodPressureDataPoint+Identifiable.swift in Sources */,
				E892239427D79B8700733C13 /* Styles.swift in Sources */,
				E8A286E827FC8CDE00F1F1B1 /* Devices+Support.swift in Sources */,
				E85A25AE27D6AAFA00B2212C /* HealthKitExample.swift in Sources */,
				E8A286ED27FC992900F1F1B1 /* DeviceConnection.swift in Sources */,
				E8A286F027FD85E300F1F1B1 /* Reducer.swift in Sources */,
				E8A286F227FDA44600F1F1B1 /* Identifiable.swift in Sources */,
				E84BB6602816C2280075327D /* LinkCreation.swift in Sources */,
				E83CAEED27F79BCF001EDB12 /* DevicesExample.swift in Sources */,
				E8D7A95D283292E90039943E /* Libre1Connection.swift in Sources */,
				E8913192280464DC0049608B /* Settings.swift in Sources */,
				E85A25AC27D6AAFA00B2212C /* Root.swift in Sources */,
			);
			runOnlyForDeploymentPostprocessing = 0;
		};
		E85A259427D6AAFA00B2212C /* Sources */ = {
			isa = PBXSourcesBuildPhase;
			buildActionMask = 2147483647;
			files = (
			);
			runOnlyForDeploymentPostprocessing = 0;
		};
/* End PBXSourcesBuildPhase section */

/* Begin PBXTargetDependency section */
		E85A259A27D6AAFA00B2212C /* PBXTargetDependency */ = {
			isa = PBXTargetDependency;
			target = E85A258A27D6AAFA00B2212C /* Example (iOS) */;
			targetProxy = E85A259927D6AAFA00B2212C /* PBXContainerItemProxy */;
		};
/* End PBXTargetDependency section */

/* Begin XCBuildConfiguration section */
		E85A25B227D6AAFA00B2212C /* Debug */ = {
			isa = XCBuildConfiguration;
			buildSettings = {
				ALWAYS_SEARCH_USER_PATHS = NO;
				CLANG_ANALYZER_NONNULL = YES;
				CLANG_ANALYZER_NUMBER_OBJECT_CONVERSION = YES_AGGRESSIVE;
				CLANG_CXX_LANGUAGE_STANDARD = "gnu++17";
				CLANG_CXX_LIBRARY = "libc++";
				CLANG_ENABLE_MODULES = YES;
				CLANG_ENABLE_OBJC_ARC = YES;
				CLANG_ENABLE_OBJC_WEAK = YES;
				CLANG_WARN_BLOCK_CAPTURE_AUTORELEASING = YES;
				CLANG_WARN_BOOL_CONVERSION = YES;
				CLANG_WARN_COMMA = YES;
				CLANG_WARN_CONSTANT_CONVERSION = YES;
				CLANG_WARN_DEPRECATED_OBJC_IMPLEMENTATIONS = YES;
				CLANG_WARN_DIRECT_OBJC_ISA_USAGE = YES_ERROR;
				CLANG_WARN_DOCUMENTATION_COMMENTS = YES;
				CLANG_WARN_EMPTY_BODY = YES;
				CLANG_WARN_ENUM_CONVERSION = YES;
				CLANG_WARN_INFINITE_RECURSION = YES;
				CLANG_WARN_INT_CONVERSION = YES;
				CLANG_WARN_NON_LITERAL_NULL_CONVERSION = YES;
				CLANG_WARN_OBJC_IMPLICIT_RETAIN_SELF = YES;
				CLANG_WARN_OBJC_LITERAL_CONVERSION = YES;
				CLANG_WARN_OBJC_ROOT_CLASS = YES_ERROR;
				CLANG_WARN_QUOTED_INCLUDE_IN_FRAMEWORK_HEADER = YES;
				CLANG_WARN_RANGE_LOOP_ANALYSIS = YES;
				CLANG_WARN_STRICT_PROTOTYPES = YES;
				CLANG_WARN_SUSPICIOUS_MOVE = YES;
				CLANG_WARN_UNGUARDED_AVAILABILITY = YES_AGGRESSIVE;
				CLANG_WARN_UNREACHABLE_CODE = YES;
				CLANG_WARN__DUPLICATE_METHOD_MATCH = YES;
				COPY_PHASE_STRIP = NO;
				DEBUG_INFORMATION_FORMAT = dwarf;
				ENABLE_STRICT_OBJC_MSGSEND = YES;
				ENABLE_TESTABILITY = YES;
				GCC_C_LANGUAGE_STANDARD = gnu11;
				GCC_DYNAMIC_NO_PIC = NO;
				GCC_NO_COMMON_BLOCKS = YES;
				GCC_OPTIMIZATION_LEVEL = 0;
				GCC_PREPROCESSOR_DEFINITIONS = (
					"DEBUG=1",
					"$(inherited)",
				);
				GCC_WARN_64_TO_32_BIT_CONVERSION = YES;
				GCC_WARN_ABOUT_RETURN_TYPE = YES_ERROR;
				GCC_WARN_UNDECLARED_SELECTOR = YES;
				GCC_WARN_UNINITIALIZED_AUTOS = YES_AGGRESSIVE;
				GCC_WARN_UNUSED_FUNCTION = YES;
				GCC_WARN_UNUSED_VARIABLE = YES;
				IPHONEOS_DEPLOYMENT_TARGET = 15.0;
				MTL_ENABLE_DEBUG_INFO = INCLUDE_SOURCE;
				MTL_FAST_MATH = YES;
				ONLY_ACTIVE_ARCH = YES;
				OTHER_SWIFT_FLAGS = "-Xfrontend -warn-concurrency -Xfrontend -enable-actor-data-race-checks";
				SWIFT_ACTIVE_COMPILATION_CONDITIONS = DEBUG;
				SWIFT_OPTIMIZATION_LEVEL = "-Onone";
			};
			name = Debug;
		};
		E85A25B327D6AAFA00B2212C /* Release */ = {
			isa = XCBuildConfiguration;
			buildSettings = {
				ALWAYS_SEARCH_USER_PATHS = NO;
				CLANG_ANALYZER_NONNULL = YES;
				CLANG_ANALYZER_NUMBER_OBJECT_CONVERSION = YES_AGGRESSIVE;
				CLANG_CXX_LANGUAGE_STANDARD = "gnu++17";
				CLANG_CXX_LIBRARY = "libc++";
				CLANG_ENABLE_MODULES = YES;
				CLANG_ENABLE_OBJC_ARC = YES;
				CLANG_ENABLE_OBJC_WEAK = YES;
				CLANG_WARN_BLOCK_CAPTURE_AUTORELEASING = YES;
				CLANG_WARN_BOOL_CONVERSION = YES;
				CLANG_WARN_COMMA = YES;
				CLANG_WARN_CONSTANT_CONVERSION = YES;
				CLANG_WARN_DEPRECATED_OBJC_IMPLEMENTATIONS = YES;
				CLANG_WARN_DIRECT_OBJC_ISA_USAGE = YES_ERROR;
				CLANG_WARN_DOCUMENTATION_COMMENTS = YES;
				CLANG_WARN_EMPTY_BODY = YES;
				CLANG_WARN_ENUM_CONVERSION = YES;
				CLANG_WARN_INFINITE_RECURSION = YES;
				CLANG_WARN_INT_CONVERSION = YES;
				CLANG_WARN_NON_LITERAL_NULL_CONVERSION = YES;
				CLANG_WARN_OBJC_IMPLICIT_RETAIN_SELF = YES;
				CLANG_WARN_OBJC_LITERAL_CONVERSION = YES;
				CLANG_WARN_OBJC_ROOT_CLASS = YES_ERROR;
				CLANG_WARN_QUOTED_INCLUDE_IN_FRAMEWORK_HEADER = YES;
				CLANG_WARN_RANGE_LOOP_ANALYSIS = YES;
				CLANG_WARN_STRICT_PROTOTYPES = YES;
				CLANG_WARN_SUSPICIOUS_MOVE = YES;
				CLANG_WARN_UNGUARDED_AVAILABILITY = YES_AGGRESSIVE;
				CLANG_WARN_UNREACHABLE_CODE = YES;
				CLANG_WARN__DUPLICATE_METHOD_MATCH = YES;
				COPY_PHASE_STRIP = NO;
				DEBUG_INFORMATION_FORMAT = "dwarf-with-dsym";
				ENABLE_NS_ASSERTIONS = NO;
				ENABLE_STRICT_OBJC_MSGSEND = YES;
				GCC_C_LANGUAGE_STANDARD = gnu11;
				GCC_NO_COMMON_BLOCKS = YES;
				GCC_WARN_64_TO_32_BIT_CONVERSION = YES;
				GCC_WARN_ABOUT_RETURN_TYPE = YES_ERROR;
				GCC_WARN_UNDECLARED_SELECTOR = YES;
				GCC_WARN_UNINITIALIZED_AUTOS = YES_AGGRESSIVE;
				GCC_WARN_UNUSED_FUNCTION = YES;
				GCC_WARN_UNUSED_VARIABLE = YES;
				IPHONEOS_DEPLOYMENT_TARGET = 15.0;
				MTL_ENABLE_DEBUG_INFO = NO;
				MTL_FAST_MATH = YES;
				OTHER_SWIFT_FLAGS = "-Xfrontend -warn-concurrency -Xfrontend -enable-actor-data-race-checks";
				SWIFT_COMPILATION_MODE = wholemodule;
				SWIFT_OPTIMIZATION_LEVEL = "-O";
			};
			name = Release;
		};
		E85A25B527D6AAFA00B2212C /* Debug */ = {
			isa = XCBuildConfiguration;
			buildSettings = {
				ASSETCATALOG_COMPILER_APPICON_NAME = AppIcon;
				ASSETCATALOG_COMPILER_GLOBAL_ACCENT_COLOR_NAME = AccentColor;
				ASSETCATALOG_COMPILER_INCLUDE_ALL_APPICON_ASSETS = NO;
				CODE_SIGN_ENTITLEMENTS = Example.entitlements;
				CODE_SIGN_STYLE = Automatic;
				CURRENT_PROJECT_VERSION = 1;
				DEVELOPMENT_TEAM = 6M4FS53SNV;
				ENABLE_PREVIEWS = YES;
				GENERATE_INFOPLIST_FILE = YES;
				INFOPLIST_FILE = Info.plist;
				INFOPLIST_KEY_CFBundleDisplayName = "Vital Demo";
				INFOPLIST_KEY_NSBluetoothAlwaysUsageDescription = "To connect to devices";
				INFOPLIST_KEY_NSHealthShareUsageDescription = "Vital Example app uses your Data to showcase Vital's SDK";
				INFOPLIST_KEY_NSHealthUpdateUsageDescription = "To read health data and upload to Vital";
				INFOPLIST_KEY_UIApplicationSceneManifest_Generation = YES;
				INFOPLIST_KEY_UIApplicationSupportsIndirectInputEvents = YES;
				INFOPLIST_KEY_UILaunchScreen_Generation = YES;
				INFOPLIST_KEY_UISupportedInterfaceOrientations_iPad = "UIInterfaceOrientationPortrait UIInterfaceOrientationPortraitUpsideDown UIInterfaceOrientationLandscapeLeft UIInterfaceOrientationLandscapeRight";
				INFOPLIST_KEY_UISupportedInterfaceOrientations_iPhone = "UIInterfaceOrientationPortrait UIInterfaceOrientationLandscapeLeft UIInterfaceOrientationLandscapeRight";
				INFOPLIST_KEY_UIUserInterfaceStyle = Light;
				LD_RUNPATH_SEARCH_PATHS = (
					"$(inherited)",
					"@executable_path/Frameworks",
				);
				MARKETING_VERSION = 1.1;
				PRODUCT_BUNDLE_IDENTIFIER = "com.vital.ios.vital-demo";
				PRODUCT_NAME = Example;
				SDKROOT = iphoneos;
				SWIFT_EMIT_LOC_STRINGS = YES;
				SWIFT_VERSION = 5.0;
			};
			name = Debug;
		};
		E85A25B627D6AAFA00B2212C /* Release */ = {
			isa = XCBuildConfiguration;
			buildSettings = {
				ASSETCATALOG_COMPILER_APPICON_NAME = AppIcon;
				ASSETCATALOG_COMPILER_GLOBAL_ACCENT_COLOR_NAME = AccentColor;
				ASSETCATALOG_COMPILER_INCLUDE_ALL_APPICON_ASSETS = NO;
				CODE_SIGN_ENTITLEMENTS = Example.entitlements;
				CODE_SIGN_STYLE = Automatic;
				CURRENT_PROJECT_VERSION = 1;
				DEVELOPMENT_TEAM = 6M4FS53SNV;
				ENABLE_PREVIEWS = YES;
				GENERATE_INFOPLIST_FILE = YES;
				INFOPLIST_FILE = Info.plist;
				INFOPLIST_KEY_CFBundleDisplayName = "Vital Demo";
				INFOPLIST_KEY_NSBluetoothAlwaysUsageDescription = "To connect to devices";
				INFOPLIST_KEY_NSHealthShareUsageDescription = "Vital Example app uses your Data to showcase Vital's SDK";
				INFOPLIST_KEY_NSHealthUpdateUsageDescription = "To read health data and upload to Vital";
				INFOPLIST_KEY_UIApplicationSceneManifest_Generation = YES;
				INFOPLIST_KEY_UIApplicationSupportsIndirectInputEvents = YES;
				INFOPLIST_KEY_UILaunchScreen_Generation = YES;
				INFOPLIST_KEY_UISupportedInterfaceOrientations_iPad = "UIInterfaceOrientationPortrait UIInterfaceOrientationPortraitUpsideDown UIInterfaceOrientationLandscapeLeft UIInterfaceOrientationLandscapeRight";
				INFOPLIST_KEY_UISupportedInterfaceOrientations_iPhone = "UIInterfaceOrientationPortrait UIInterfaceOrientationLandscapeLeft UIInterfaceOrientationLandscapeRight";
				INFOPLIST_KEY_UIUserInterfaceStyle = Light;
				LD_RUNPATH_SEARCH_PATHS = (
					"$(inherited)",
					"@executable_path/Frameworks",
				);
				MARKETING_VERSION = 1.1;
				PRODUCT_BUNDLE_IDENTIFIER = "com.vital.ios.vital-demo";
				PRODUCT_NAME = Example;
				SDKROOT = iphoneos;
				SWIFT_EMIT_LOC_STRINGS = YES;
				SWIFT_VERSION = 5.0;
				VALIDATE_PRODUCT = YES;
			};
			name = Release;
		};
		E85A25BB27D6AAFA00B2212C /* Debug */ = {
			isa = XCBuildConfiguration;
			buildSettings = {
				ALWAYS_EMBED_SWIFT_STANDARD_LIBRARIES = YES;
				CODE_SIGN_STYLE = Automatic;
				CURRENT_PROJECT_VERSION = 1;
				GENERATE_INFOPLIST_FILE = YES;
				IPHONEOS_DEPLOYMENT_TARGET = 15.2;
				MARKETING_VERSION = 1.0;
				PRODUCT_BUNDLE_IDENTIFIER = "com.vital.ios.example.Tests-iOS";
				PRODUCT_NAME = "$(TARGET_NAME)";
				SDKROOT = iphoneos;
				SWIFT_EMIT_LOC_STRINGS = NO;
				SWIFT_VERSION = 5.0;
				TARGETED_DEVICE_FAMILY = "1,2";
				TEST_TARGET_NAME = "Example (iOS)";
			};
			name = Debug;
		};
		E85A25BC27D6AAFA00B2212C /* Release */ = {
			isa = XCBuildConfiguration;
			buildSettings = {
				ALWAYS_EMBED_SWIFT_STANDARD_LIBRARIES = YES;
				CODE_SIGN_STYLE = Automatic;
				CURRENT_PROJECT_VERSION = 1;
				GENERATE_INFOPLIST_FILE = YES;
				IPHONEOS_DEPLOYMENT_TARGET = 15.2;
				MARKETING_VERSION = 1.0;
				PRODUCT_BUNDLE_IDENTIFIER = "com.vital.ios.example.Tests-iOS";
				PRODUCT_NAME = "$(TARGET_NAME)";
				SDKROOT = iphoneos;
				SWIFT_EMIT_LOC_STRINGS = NO;
				SWIFT_VERSION = 5.0;
				TARGETED_DEVICE_FAMILY = "1,2";
				TEST_TARGET_NAME = "Example (iOS)";
				VALIDATE_PRODUCT = YES;
			};
			name = Release;
		};
/* End XCBuildConfiguration section */

/* Begin XCConfigurationList section */
		E85A258227D6AAF900B2212C /* Build configuration list for PBXProject "Example" */ = {
			isa = XCConfigurationList;
			buildConfigurations = (
				E85A25B227D6AAFA00B2212C /* Debug */,
				E85A25B327D6AAFA00B2212C /* Release */,
			);
			defaultConfigurationIsVisible = 0;
			defaultConfigurationName = Release;
		};
		E85A25B427D6AAFA00B2212C /* Build configuration list for PBXNativeTarget "Example (iOS)" */ = {
			isa = XCConfigurationList;
			buildConfigurations = (
				E85A25B527D6AAFA00B2212C /* Debug */,
				E85A25B627D6AAFA00B2212C /* Release */,
			);
			defaultConfigurationIsVisible = 0;
			defaultConfigurationName = Release;
		};
		E85A25BA27D6AAFA00B2212C /* Build configuration list for PBXNativeTarget "Tests iOS" */ = {
			isa = XCConfigurationList;
			buildConfigurations = (
				E85A25BB27D6AAFA00B2212C /* Debug */,
				E85A25BC27D6AAFA00B2212C /* Release */,
			);
			defaultConfigurationIsVisible = 0;
			defaultConfigurationName = Release;
		};
/* End XCConfigurationList section */

/* Begin XCRemoteSwiftPackageReference section */
		E800316A28A5297400BFF99E /* XCRemoteSwiftPackageReference "vital-ios" */ = {
			isa = XCRemoteSwiftPackageReference;
			repositoryURL = "https://github.com/adeptlabs/vital-ios";
			requirement = {
				branch = main;
				kind = branch;
			};
		};
		E8A286DF27FC7BB400F1F1B1 /* XCRemoteSwiftPackageReference "swift-composable-architecture" */ = {
			isa = XCRemoteSwiftPackageReference;
			repositoryURL = "https://github.com/pointfreeco/swift-composable-architecture.git";
			requirement = {
				kind = upToNextMajorVersion;
				minimumVersion = 0.9.0;
			};
		};
		E8A286E927FC92DE00F1F1B1 /* XCRemoteSwiftPackageReference "NukeUI" */ = {
			isa = XCRemoteSwiftPackageReference;
			repositoryURL = "https://github.com/kean/NukeUI";
			requirement = {
				kind = upToNextMajorVersion;
				minimumVersion = 0.8.1;
			};
		};
		E8D530C32819C8D100E74B83 /* XCRemoteSwiftPackageReference "BetterSafariView" */ = {
			isa = XCRemoteSwiftPackageReference;
			repositoryURL = "https://github.com/stleamist/BetterSafariView.git";
			requirement = {
				branch = main;
				kind = branch;
			};
		};
/* End XCRemoteSwiftPackageReference section */

/* Begin XCSwiftPackageProductDependency section */
		E800316B28A5297400BFF99E /* VitalCore */ = {
			isa = XCSwiftPackageProductDependency;
			package = E800316A28A5297400BFF99E /* XCRemoteSwiftPackageReference "vital-ios" */;
			productName = VitalCore;
		};
		E800316D28A5297400BFF99E /* VitalDevices */ = {
			isa = XCSwiftPackageProductDependency;
			package = E800316A28A5297400BFF99E /* XCRemoteSwiftPackageReference "vital-ios" */;
			productName = VitalDevices;
		};
		E800316F28A5297400BFF99E /* VitalHealthKit */ = {
			isa = XCSwiftPackageProductDependency;
			package = E800316A28A5297400BFF99E /* XCRemoteSwiftPackageReference "vital-ios" */;
			productName = VitalHealthKit;
		};
		E8A286E027FC7BB400F1F1B1 /* ComposableArchitecture */ = {
			isa = XCSwiftPackageProductDependency;
			package = E8A286DF27FC7BB400F1F1B1 /* XCRemoteSwiftPackageReference "swift-composable-architecture" */;
			productName = ComposableArchitecture;
		};
		E8A286EA27FC92DF00F1F1B1 /* NukeUI */ = {
			isa = XCSwiftPackageProductDependency;
			package = E8A286E927FC92DE00F1F1B1 /* XCRemoteSwiftPackageReference "NukeUI" */;
			productName = NukeUI;
		};
		E8D530C42819C8D100E74B83 /* BetterSafariView */ = {
			isa = XCSwiftPackageProductDependency;
			package = E8D530C32819C8D100E74B83 /* XCRemoteSwiftPackageReference "BetterSafariView" */;
			productName = BetterSafariView;
		};
/* End XCSwiftPackageProductDependency section */
	};
	rootObject = E85A257F27D6AAF900B2212C /* Project object */;
}
