{
  "object": {
    "pins": [
      {
        "package": "BetterSafariView",
        "repositoryURL": "https://github.com/stleamist/BetterSafariView.git",
        "state": {
          "branch": "main",
          "revision": "dffd42bc70287e761979bc81dd278db5c80f0deb",
          "version": null
        }
      },
      {
        "package": "combine-schedulers",
        "repositoryURL": "https://github.com/pointfreeco/combine-schedulers",
        "state": {
          "branch": null,
          "revision": "882ac01eb7ef9e36d4467eb4b1151e74fcef85ab",
          "version": "0.9.1"
        }
      },
      {
        "package": "CombineCoreBluetooth",
        "repositoryURL": "https://github.com/StarryInternet/CombineCoreBluetooth.git",
        "state": {
          "branch": null,
          "revision": "05df53532ba6eee30df83a20dd22c447bc223f8a",
          "version": "0.4.0"
        }
      },
      {
        "package": "Gifu",
        "repositoryURL": "https://github.com/kaishin/Gifu",
        "state": {
          "branch": null,
          "revision": "82da0086dea14ca9afc9801234ad8dc4cd9e2738",
          "version": "3.4.1"
        }
      },
      {
        "package": "Mocker",
        "repositoryURL": "https://github.com/WeTransfer/Mocker.git",
        "state": {
          "branch": null,
          "revision": "5d86f27a8f80d4ba388bc1a379a3c2289a1f3d18",
          "version": "2.6.0"
        }
      },
      {
        "package": "Nuke",
        "repositoryURL": "https://github.com/kean/Nuke.git",
        "state": {
          "branch": null,
          "revision": "a002b7fd786f2df2ed4333fe73a9727499fd9d97",
          "version": "10.11.2"
        }
      },
      {
        "package": "NukeUI",
        "repositoryURL": "https://github.com/kean/NukeUI",
        "state": {
          "branch": null,
          "revision": "db55022a8e483774ebbf3568727071477546d9ea",
          "version": "0.8.3"
        }
      },
      {
        "package": "swift-case-paths",
        "repositoryURL": "https://github.com/pointfreeco/swift-case-paths",
        "state": {
          "branch": null,
          "revision": "870133b7b2387df136ad301ec67b2e864b51dda1",
          "version": "0.14.0"
        }
      },
      {
        "package": "swift-clocks",
        "repositoryURL": "https://github.com/pointfreeco/swift-clocks",
        "state": {
          "branch": null,
          "revision": "20b25ca0dd88ebfb9111ec937814ddc5a8880172",
          "version": "0.2.0"
        }
      },
      {
        "package": "swift-collections",
        "repositoryURL": "https://github.com/apple/swift-collections",
        "state": {
          "branch": null,
          "revision": "937e904258d22af6e447a0b72c0bc67583ef64a2",
          "version": "1.0.4"
        }
      },
      {
        "package": "swift-composable-architecture",
        "repositoryURL": "https://github.com/pointfreeco/swift-composable-architecture.git",
        "state": {
          "branch": null,
          "revision": "3e8eee1efe99d06e99426d421733b858b332186b",
          "version": "0.52.0"
        }
      },
      {
        "package": "swift-custom-dump",
        "repositoryURL": "https://github.com/pointfreeco/swift-custom-dump",
        "state": {
          "branch": null,
          "revision": "de8ba65649e7ee317b9daf27dd5eebf34bd4be57",
          "version": "0.9.1"
        }
      },
      {
        "package": "swift-dependencies",
        "repositoryURL": "https://github.com/pointfreeco/swift-dependencies",
        "state": {
          "branch": null,
          "revision": "6bb1034e8a1bfbf46dfb766b6c09b7b17e1cba10",
          "version": "0.2.0"
        }
      },
      {
        "package": "swift-identified-collections",
        "repositoryURL": "https://github.com/pointfreeco/swift-identified-collections",
        "state": {
          "branch": null,
          "revision": "ad3932d28c2e0a009a0167089619526709ef6497",
          "version": "0.7.0"
        }
      },
      {
        "package": "swiftui-navigation",
        "repositoryURL": "https://github.com/pointfreeco/swiftui-navigation",
        "state": {
          "branch": null,
          "revision": "0a0e1b321d70ee6a464ecfe6b0136d9eff77ebfc",
          "version": "0.7.0"
        }
      },
      {
        "package": "xctest-dynamic-overlay",
        "repositoryURL": "https://github.com/pointfreeco/xctest-dynamic-overlay",
        "state": {
          "branch": null,
          "revision": "ab8c9f45843694dd16be4297e6d44c0634fd9913",
          "version": "0.8.4"
        }
      }
    ]
  },
  "version": 1
}
