{
  "object": {
    "pins": [
      {
        "package": "BetterSafariView",
        "repositoryURL": "https://github.com/stleamist/BetterSafariView.git",
        "state": {
          "branch": "main",
          "revision": "9c051d20dbb50fa61d014d87b4ab6c5504408a73",
          "version": null
        }
      },
      {
        "package": "combine-schedulers",
        "repositoryURL": "https://github.com/pointfreeco/combine-schedulers",
        "state": {
          "branch": null,
          "revision": "4cf088c29a20f52be0f2ca54992b492c54e0076b",
          "version": "0.5.3"
        }
      },
      {
        "package": "CombineCoreBluetooth",
        "repositoryURL": "https://github.com/StarryInternet/CombineCoreBluetooth.git",
        "state": {
          "branch": null,
          "revision": "52ecaa2e7a94f9aff9c823532993cd266fd74c6a",
          "version": "0.3.1"
        }
      },
      {
        "package": "Gifu",
        "repositoryURL": "https://github.com/kaishin/Gifu",
        "state": {
          "branch": null,
          "revision": "51f2eab32903e336f590c013267cfa4d7f8b06c4",
          "version": "3.3.1"
        }
      },
      {
        "package": "Mocker",
        "repositoryURL": "https://github.com/WeTransfer/Mocker.git",
        "state": {
          "branch": null,
          "revision": "e7165fb0378193c6784f1d46a9ab2b6184c384fa",
          "version": "2.7.0"
        }
      },
      {
        "package": "Nuke",
        "repositoryURL": "https://github.com/kean/Nuke.git",
        "state": {
          "branch": null,
          "revision": "78fa963b8491fc520791d8c2a509f1b8593d8aae",
          "version": "10.7.1"
        }
      },
      {
        "package": "NukeUI",
        "repositoryURL": "https://github.com/kean/NukeUI",
        "state": {
          "branch": null,
          "revision": "db55022a8e483774ebbf3568727071477546d9ea",
          "version": "0.8.3"
        }
      },
      {
        "package": "swift-case-paths",
        "repositoryURL": "https://github.com/pointfreeco/swift-case-paths",
        "state": {
          "branch": null,
          "revision": "241301b67d8551c26d8f09bd2c0e52cc49f18007",
          "version": "0.8.0"
        }
      },
      {
        "package": "swift-collections",
        "repositoryURL": "https://github.com/apple/swift-collections",
        "state": {
          "branch": null,
          "revision": "48254824bb4248676bf7ce56014ff57b142b77eb",
          "version": "1.0.2"
        }
      },
      {
        "package": "swift-composable-architecture",
        "repositoryURL": "https://github.com/pointfreeco/swift-composable-architecture.git",
        "state": {
          "branch": null,
          "revision": "2828dc44f6e3f81d84bcaba72c1ab1c0121d66f6",
          "version": "0.34.0"
        }
      },
      {
        "package": "swift-custom-dump",
        "repositoryURL": "https://github.com/pointfreeco/swift-custom-dump",
        "state": {
          "branch": null,
          "revision": "51698ece74ecf31959d3fa81733f0a5363ef1b4e",
          "version": "0.3.0"
        }
      },
      {
        "package": "swift-identified-collections",
        "repositoryURL": "https://github.com/pointfreeco/swift-identified-collections",
        "state": {
          "branch": null,
          "revision": "680bf440178a78a627b1c2c64c0855f6523ad5b9",
          "version": "0.3.2"
        }
      },
      {
        "package": "xctest-dynamic-overlay",
        "repositoryURL": "https://github.com/pointfreeco/xctest-dynamic-overlay",
        "state": {
          "branch": null,
          "revision": "50a70a9d3583fe228ce672e8923010c8df2deddd",
          "version": "0.2.1"
        }
      }
    ]
  },
  "version": 1
}
